// !$*UTF8*$!
{
	archiveVersion = 1;
	classes = {
	};
	objectVersion = 55;
	objects = {

/* Begin PBXBuildFile section */
		873130122771E3FC00B7D80A /* AppDelegate.swift in Sources */ = {isa = PBXBuildFile; fileRef = 873130112771E3FC00B7D80A /* AppDelegate.swift */; };
		873130142771E3FC00B7D80A /* SceneDelegate.swift in Sources */ = {isa = PBXBuildFile; fileRef = 873130132771E3FC00B7D80A /* SceneDelegate.swift */; };
		873130162771E3FC00B7D80A /* ViewController.swift in Sources */ = {isa = PBXBuildFile; fileRef = 873130152771E3FC00B7D80A /* ViewController.swift */; };
		873130192771E3FC00B7D80A /* Main.storyboard in Resources */ = {isa = PBXBuildFile; fileRef = 873130172771E3FC00B7D80A /* Main.storyboard */; };
		8731301B2771E3FE00B7D80A /* Assets.xcassets in Resources */ = {isa = PBXBuildFile; fileRef = 8731301A2771E3FE00B7D80A /* Assets.xcassets */; };
		8731301E2771E3FE00B7D80A /* LaunchScreen.storyboard in Resources */ = {isa = PBXBuildFile; fileRef = 8731301C2771E3FE00B7D80A /* LaunchScreen.storyboard */; };
		873130262771E5A600B7D80A /* imagTableViewCell.swift in Sources */ = {isa = PBXBuildFile; fileRef = 873130252771E5A600B7D80A /* imagTableViewCell.swift */; };
		873130282771E7D200B7D80A /* DataModale.swift in Sources */ = {isa = PBXBuildFile; fileRef = 873130272771E7D200B7D80A /* DataModale.swift */; };
/* End PBXBuildFile section */

/* Begin PBXFileReference section */
		8731300E2771E3FC00B7D80A /* getimag.app */ = {isa = PBXFileReference; explicitFileType = wrapper.application; includeInIndex = 0; path = getimag.app; sourceTree = BUILT_PRODUCTS_DIR; };
		873130112771E3FC00B7D80A /* AppDelegate.swift */ = {isa = PBXFileReference; lastKnownFileType = sourcecode.swift; path = AppDelegate.swift; sourceTree = "<group>"; };
		873130132771E3FC00B7D80A /* SceneDelegate.swift */ = {isa = PBXFileReference; lastKnownFileType = sourcecode.swift; path = SceneDelegate.swift; sourceTree = "<group>"; };
		873130152771E3FC00B7D80A /* ViewController.swift */ = {isa = PBXFileReference; lastKnownFileType = sourcecode.swift; path = ViewController.swift; sourceTree = "<group>"; };
		873130182771E3FC00B7D80A /* Base */ = {isa = PBXFileReference; lastKnownFileType = file.storyboard; name = Base; path = Base.lproj/Main.storyboard; sourceTree = "<group>"; };
		8731301A2771E3FE00B7D80A /* Assets.xcassets */ = {isa = PBXFileReference; lastKnownFileType = folder.assetcatalog; path = Assets.xcassets; sourceTree = "<group>"; };
		8731301D2771E3FE00B7D80A /* Base */ = {isa = PBXFileReference; lastKnownFileType = file.storyboard; name = Base; path = Base.lproj/LaunchScreen.storyboard; sourceTree = "<group>"; };
		8731301F2771E3FE00B7D80A /* Info.plist */ = {isa = PBXFileReference; lastKnownFileType = text.plist.xml; path = Info.plist; sourceTree = "<group>"; };
		873130252771E5A600B7D80A /* imagTableViewCell.swift */ = {isa = PBXFileReference; lastKnownFileType = sourcecode.swift; path = imagTableViewCell.swift; sourceTree = "<group>"; };
		873130272771E7D200B7D80A /* DataModale.swift */ = {isa = PBXFileReference; lastKnownFileType = sourcecode.swift; path = DataModale.swift; sourceTree = "<group>"; };
/* End PBXFileReference section */

/* Begin PBXFrameworksBuildPhase section */
		8731300B2771E3FC00B7D80A /* Frameworks */ = {
			isa = PBXFrameworksBuildPhase;
			buildActionMask = 2147483647;
			files = (
			);
			runOnlyForDeploymentPostprocessing = 0;
		};
/* End PBXFrameworksBuildPhase section */

/* Begin PBXGroup section */
		873130052771E3FC00B7D80A = {
			isa = PBXGroup;
			children = (
				873130102771E3FC00B7D80A /* getimag */,
				8731300F2771E3FC00B7D80A /* Products */,
			);
			sourceTree = "<group>";
		};
		8731300F2771E3FC00B7D80A /* Products */ = {
			isa = PBXGroup;
			children = (
				8731300E2771E3FC00B7D80A /* getimag.app */,
			);
			name = Products;
			sourceTree = "<group>";
		};
		873130102771E3FC00B7D80A /* getimag */ = {
			isa = PBXGroup;
			children = (
				873130112771E3FC00B7D80A /* AppDelegate.swift */,
				873130132771E3FC00B7D80A /* SceneDelegate.swift */,
				873130152771E3FC00B7D80A /* ViewController.swift */,
				873130272771E7D200B7D80A /* DataModale.swift */,
				873130252771E5A600B7D80A /* imagTableViewCell.swift */,
				873130172771E3FC00B7D80A /* Main.storyboard */,
				8731301A2771E3FE00B7D80A /* Assets.xcassets */,
				8731301C2771E3FE00B7D80A /* LaunchScreen.storyboard */,
				8731301F2771E3FE00B7D80A /* Info.plist */,
			);
			path = getimag;
			sourceTree = "<group>";
		};
/* End PBXGroup section */

/* Begin PBXNativeTarget section */
		8731300D2771E3FC00B7D80A /* getimag */ = {
			isa = PBXNativeTarget;
			buildConfigurationList = 873130222771E3FE00B7D80A /* Build configuration list for PBXNativeTarget "getimag" */;
			buildPhases = (
				8731300A2771E3FC00B7D80A /* Sources */,
				8731300B2771E3FC00B7D80A /* Frameworks */,
				8731300C2771E3FC00B7D80A /* Resources */,
			);
			buildRules = (
			);
			dependencies = (
			);
			name = getimag;
			productName = getimag;
			productReference = 8731300E2771E3FC00B7D80A /* getimag.app */;
			productType = "com.apple.product-type.application";
		};
/* End PBXNativeTarget section */

/* Begin PBXProject section */
		873130062771E3FC00B7D80A /* Project object */ = {
			isa = PBXProject;
			attributes = {
				BuildIndependentTargetsInParallel = 1;
				LastSwiftUpdateCheck = 1320;
				LastUpgradeCheck = 1320;
				TargetAttributes = {
					8731300D2771E3FC00B7D80A = {
						CreatedOnToolsVersion = 13.2;
					};
				};
			};
			buildConfigurationList = 873130092771E3FC00B7D80A /* Build configuration list for PBXProject "getimag" */;
			compatibilityVersion = "Xcode 13.0";
			developmentRegion = en;
			hasScannedForEncodings = 0;
			knownRegions = (
				en,
				Base,
			);
			mainGroup = 873130052771E3FC00B7D80A;
			productRefGroup = 8731300F2771E3FC00B7D80A /* Products */;
			projectDirPath = "";
			projectRoot = "";
			targets = (
				8731300D2771E3FC00B7D80A /* getimag */,
			);
		};
/* End PBXProject section */

/* Begin PBXResourcesBuildPhase section */
		8731300C2771E3FC00B7D80A /* Resources */ = {
			isa = PBXResourcesBuildPhase;
			buildActionMask = 2147483647;
			files = (
				8731301E2771E3FE00B7D80A /* LaunchScreen.storyboard in Resources */,
				8731301B2771E3FE00B7D80A /* Assets.xcassets in Resources */,
				873130192771E3FC00B7D80A /* Main.storyboard in Resources */,
			);
			runOnlyForDeploymentPostprocessing = 0;
		};
/* End PBXResourcesBuildPhase section */

/* Begin PBXSourcesBuildPhase section */
		8731300A2771E3FC00B7D80A /* Sources */ = {
			isa = PBXSourcesBuildPhase;
			buildActionMask = 2147483647;
			files = (
				873130162771E3FC00B7D80A /* ViewController.swift in Sources */,
				873130122771E3FC00B7D80A /* AppDelegate.swift in Sources */,
				873130282771E7D200B7D80A /* DataModale.swift in Sources */,
				873130142771E3FC00B7D80A /* SceneDelegate.swift in Sources */,
				873130262771E5A600B7D80A /* imagTableViewCell.swift in Sources */,
			);
			runOnlyForDeploymentPostprocessing = 0;
		};
/* End PBXSourcesBuildPhase section */

/* Begin PBXVariantGroup section */
		873130172771E3FC00B7D80A /* Main.storyboard */ = {
			isa = PBXVariantGroup;
			children = (
				873130182771E3FC00B7D80A /* Base */,
			);
			name = Main.storyboard;
			sourceTree = "<group>";
		};
		8731301C2771E3FE00B7D80A /* LaunchScreen.storyboard */ = {
			isa = PBXVariantGroup;
			children = (
				8731301D2771E3FE00B7D80A /* Base */,
			);
			name = LaunchScreen.storyboard;
			sourceTree = "<group>";
		};
/* End PBXVariantGroup section */

/* Begin XCBuildConfiguration section */
		873130202771E3FE00B7D80A /* Debug */ = {
			isa = XCBuildConfiguration;
			buildSettings = {
				ALWAYS_SEARCH_USER_PATHS = NO;
				CLANG_ANALYZER_NONNULL = YES;
				CLANG_ANALYZER_NUMBER_OBJECT_CONVERSION = YES_AGGRESSIVE;
				CLANG_CXX_LANGUAGE_STANDARD = "gnu++17";
				CLANG_CXX_LIBRARY = "libc++";
				CLANG_ENABLE_MODULES = YES;
				CLANG_ENABLE_OBJC_ARC = YES;
				CLANG_ENABLE_OBJC_WEAK = YES;
				CLANG_WARN_BLOCK_CAPTURE_AUTORELEASING = YES;
				CLANG_WARN_BOOL_CONVERSION = YES;
				CLANG_WARN_COMMA = YES;
				CLANG_WARN_CONSTANT_CONVERSION = YES;
				CLANG_WARN_DEPRECATED_OBJC_IMPLEMENTATIONS = YES;
				CLANG_WARN_DIRECT_OBJC_ISA_USAGE = YES_ERROR;
				CLANG_WARN_DOCUMENTATION_COMMENTS = YES;
				CLANG_WARN_EMPTY_BODY = YES;
				CLANG_WARN_ENUM_CONVERSION = YES;
				CLANG_WARN_INFINITE_RECURSION = YES;
				CLANG_WARN_INT_CONVERSION = YES;
				CLANG_WARN_NON_LITERAL_NULL_CONVERSION = YES;
				CLANG_WARN_OBJC_IMPLICIT_RETAIN_SELF = YES;
				CLANG_WARN_OBJC_LITERAL_CONVERSION = YES;
				CLANG_WARN_OBJC_ROOT_CLASS = YES_ERROR;
				CLANG_WARN_QUOTED_INCLUDE_IN_FRAMEWORK_HEADER = YES;
				CLANG_WARN_RANGE_LOOP_ANALYSIS = YES;
				CLANG_WARN_STRICT_PROTOTYPES = YES;
				CLANG_WARN_SUSPICIOUS_MOVE = YES;
				CLANG_WARN_UNGUARDED_AVAILABILITY = YES_AGGRESSIVE;
				CLANG_WARN_UNREACHABLE_CODE = YES;
				CLANG_WARN__DUPLICATE_METHOD_MATCH = YES;
				COPY_PHASE_STRIP = NO;
				DEBUG_INFORMATION_FORMAT = dwarf;
				ENABLE_STRICT_OBJC_MSGSEND = YES;
				ENABLE_TESTABILITY = YES;
				GCC_C_LANGUAGE_STANDARD = gnu11;
				GCC_DYNAMIC_NO_PIC = NO;
				GCC_NO_COMMON_BLOCKS = YES;
				GCC_OPTIMIZATION_LEVEL = 0;
				GCC_PREPROCESSOR_DEFINITIONS = (
					"DEBUG=1",
					"$(inherited)",
				);
				GCC_WARN_64_TO_32_BIT_CONVERSION = YES;
				GCC_WARN_ABOUT_RETURN_TYPE = YES_ERROR;
				GCC_WARN_UNDECLARED_SELECTOR = YES;
				GCC_WARN_UNINITIALIZED_AUTOS = YES_AGGRESSIVE;
				GCC_WARN_UNUSED_FUNCTION = YES;
				GCC_WARN_UNUSED_VARIABLE = YES;
				IPHONEOS_DEPLOYMENT_TARGET = 15.2;
				MTL_ENABLE_DEBUG_INFO = INCLUDE_SOURCE;
				MTL_FAST_MATH = YES;
				ONLY_ACTIVE_ARCH = YES;
				SDKROOT = iphoneos;
				SWIFT_ACTIVE_COMPILATION_CONDITIONS = DEBUG;
				SWIFT_OPTIMIZATION_LEVEL = "-Onone";
			};
			name = Debug;
		};
		873130212771E3FE00B7D80A /* Release */ = {
			isa = XCBuildConfiguration;
			buildSettings = {
				ALWAYS_SEARCH_USER_PATHS = NO;
				CLANG_ANALYZER_NONNULL = YES;
				CLANG_ANALYZER_NUMBER_OBJECT_CONVERSION = YES_AGGRESSIVE;
				CLANG_CXX_LANGUAGE_STANDARD = "gnu++17";
				CLANG_CXX_LIBRARY = "libc++";
				CLANG_ENABLE_MODULES = YES;
				CLANG_ENABLE_OBJC_ARC = YES;
				CLANG_ENABLE_OBJC_WEAK = YES;
				CLANG_WARN_BLOCK_CAPTURE_AUTORELEASING = YES;
				CLANG_WARN_BOOL_CONVERSION = YES;
				CLANG_WARN_COMMA = YES;
				CLANG_WARN_CONSTANT_CONVERSION = YES;
				CLANG_WARN_DEPRECATED_OBJC_IMPLEMENTATIONS = YES;
				CLANG_WARN_DIRECT_OBJC_ISA_USAGE = YES_ERROR;
				CLANG_WARN_DOCUMENTATION_COMMENTS = YES;
				CLANG_WARN_EMPTY_BODY = YES;
				CLANG_WARN_ENUM_CONVERSION = YES;
				CLANG_WARN_INFINITE_RECURSION = YES;
				CLANG_WARN_INT_CONVERSION = YES;
				CLANG_WARN_NON_LITERAL_NULL_CONVERSION = YES;
				CLANG_WARN_OBJC_IMPLICIT_RETAIN_SELF = YES;
				CLANG_WARN_OBJC_LITERAL_CONVERSION = YES;
				CLANG_WARN_OBJC_ROOT_CLASS = YES_ERROR;
				CLANG_WARN_QUOTED_INCLUDE_IN_FRAMEWORK_HEADER = YES;
				CLANG_WARN_RANGE_LOOP_ANALYSIS = YES;
				CLANG_WARN_STRICT_PROTOTYPES = YES;
				CLANG_WARN_SUSPICIOUS_MOVE = YES;
				CLANG_WARN_UNGUARDED_AVAILABILITY = YES_AGGRESSIVE;
				CLANG_WARN_UNREACHABLE_CODE = YES;
				CLANG_WARN__DUPLICATE_METHOD_MATCH = YES;
				COPY_PHASE_STRIP = NO;
				DEBUG_INFORMATION_FORMAT = "dwarf-with-dsym";
				ENABLE_NS_ASSERTIONS = NO;
				ENABLE_STRICT_OBJC_MSGSEND = YES;
				GCC_C_LANGUAGE_STANDARD = gnu11;
				GCC_NO_COMMON_BLOCKS = YES;
				GCC_WARN_64_TO_32_BIT_CONVERSION = YES;
				GCC_WARN_ABOUT_RETURN_TYPE = YES_ERROR;
				GCC_WARN_UNDECLARED_SELECTOR = YES;
				GCC_WARN_UNINITIALIZED_AUTOS = YES_AGGRESSIVE;
				GCC_WARN_UNUSED_FUNCTION = YES;
				GCC_WARN_UNUSED_VARIABLE = YES;
				IPHONEOS_DEPLOYMENT_TARGET = 15.2;
				MTL_ENABLE_DEBUG_INFO = NO;
				MTL_FAST_MATH = YES;
				SDKROOT = iphoneos;
				SWIFT_COMPILATION_MODE = wholemodule;
				SWIFT_OPTIMIZATION_LEVEL = "-O";
				VALIDATE_PRODUCT = YES;
			};
			name = Release;
		};
		873130232771E3FE00B7D80A /* Debug */ = {
			isa = XCBuildConfiguration;
			buildSettings = {
				ASSETCATALOG_COMPILER_APPICON_NAME = AppIcon;
				ASSETCATALOG_COMPILER_GLOBAL_ACCENT_COLOR_NAME = AccentColor;
				CODE_SIGN_STYLE = Automatic;
				CURRENT_PROJECT_VERSION = 1;
				GENERATE_INFOPLIST_FILE = YES;
				INFOPLIST_FILE = getimag/Info.plist;
				INFOPLIST_KEY_UIApplicationSupportsIndirectInputEvents = YES;
				INFOPLIST_KEY_UILaunchStoryboardName = LaunchScreen;
				INFOPLIST_KEY_UIMainStoryboardFile = Main;
				INFOPLIST_KEY_UISupportedInterfaceOrientations_iPad = "UIInterfaceOrientationPortrait UIInterfaceOrientationPortraitUpsideDown UIInterfaceOrientationLandscapeLeft UIInterfaceOrientationLandscapeRight";
				INFOPLIST_KEY_UISupportedInterfaceOrientations_iPhone = "UIInterfaceOrientationPortrait UIInterfaceOrientationLandscapeLeft UIInterfaceOrientationLandscapeRight";
				LD_RUNPATH_SEARCH_PATHS = (
					"$(inherited)",
					"@executable_path/Frameworks",
				);
				MARKETING_VERSION = 1.0;
				PRODUCT_BUNDLE_IDENTIFIER = ios.getimag;
				PRODUCT_NAME = "$(TARGET_NAME)";
				SWIFT_EMIT_LOC_STRINGS = YES;
				SWIFT_VERSION = 5.0;
				TARGETED_DEVICE_FAMILY = "1,2";
			};
			name = Debug;
		};
		873130242771E3FE00B7D80A /* Release */ = {
			isa = XCBuildConfiguration;
			buildSettings = {
				ASSETCATALOG_COMPILER_APPICON_NAME = AppIcon;
				ASSETCATALOG_COMPILER_GLOBAL_ACCENT_COLOR_NAME = AccentColor;
				CODE_SIGN_STYLE = Automatic;
				CURRENT_PROJECT_VERSION = 1;
				GENERATE_INFOPLIST_FILE = YES;
				INFOPLIST_FILE = getimag/Info.plist;
				INFOPLIST_KEY_UIApplicationSupportsIndirectInputEvents = YES;
				INFOPLIST_KEY_UILaunchStoryboardName = LaunchScreen;
				INFOPLIST_KEY_UIMainStoryboardFile = Main;
				INFOPLIST_KEY_UISupportedInterfaceOrientations_iPad = "UIInterfaceOrientationPortrait UIInterfaceOrientationPortraitUpsideDown UIInterfaceOrientationLandscapeLeft UIInterfaceOrientationLandscapeRight";
				INFOPLIST_KEY_UISupportedInterfaceOrientations_iPhone = "UIInterfaceOrientationPortrait UIInterfaceOrientationLandscapeLeft UIInterfaceOrientationLandscapeRight";
				LD_RUNPATH_SEARCH_PATHS = (
					"$(inherited)",
					"@executable_path/Frameworks",
				);
				MARKETING_VERSION = 1.0;
				PRODUCT_BUNDLE_IDENTIFIER = ios.getimag;
				PRODUCT_NAME = "$(TARGET_NAME)";
				SWIFT_EMIT_LOC_STRINGS = YES;
				SWIFT_VERSION = 5.0;
				TARGETED_DEVICE_FAMILY = "1,2";
			};
			name = Release;
		};
/* End XCBuildConfiguration section */

/* Begin XCConfigurationList section */
		873130092771E3FC00B7D80A /* Build configuration list for PBXProject "getimag" */ = {
			isa = XCConfigurationList;
			buildConfigurations = (
				873130202771E3FE00B7D80A /* Debug */,
				873130212771E3FE00B7D80A /* Release */,
			);
			defaultConfigurationIsVisible = 0;
			defaultConfigurationName = Release;
		};
		873130222771E3FE00B7D80A /* Build configuration list for PBXNativeTarget "getimag" */ = {
			isa = XCConfigurationList;
			buildConfigurations = (
				873130232771E3FE00B7D80A /* Debug */,
				873130242771E3FE00B7D80A /* Release */,
			);
			defaultConfigurationIsVisible = 0;
			defaultConfigurationName = Release;
		};
/* End XCConfigurationList section */
	};
	rootObject = 873130062771E3FC00B7D80A /* Project object */;
}
