// !$*UTF8*$!
{
	archiveVersion = 1;
	classes = {
	};
	objectVersion = 55;
	objects = {

/* Begin PBXBuildFile section */
		3E1B8B602771E3D6008527D2 /* AppDelegate.swift in Sources */ = {isa = PBXBuildFile; fileRef = 3E1B8B5F2771E3D6008527D2 /* AppDelegate.swift */; };
		3E1B8B622771E3D6008527D2 /* SceneDelegate.swift in Sources */ = {isa = PBXBuildFile; fileRef = 3E1B8B612771E3D6008527D2 /* SceneDelegate.swift */; };
		3E1B8B642771E3D6008527D2 /* ViewController.swift in Sources */ = {isa = PBXBuildFile; fileRef = 3E1B8B632771E3D6008527D2 /* ViewController.swift */; };
		3E1B8B672771E3D6008527D2 /* Main.storyboard in Resources */ = {isa = PBXBuildFile; fileRef = 3E1B8B652771E3D6008527D2 /* Main.storyboard */; };
		3E1B8B692771E3D8008527D2 /* Assets.xcassets in Resources */ = {isa = PBXBuildFile; fileRef = 3E1B8B682771E3D8008527D2 /* Assets.xcassets */; };
		3E1B8B6C2771E3D8008527D2 /* LaunchScreen.storyboard in Resources */ = {isa = PBXBuildFile; fileRef = 3E1B8B6A2771E3D8008527D2 /* LaunchScreen.storyboard */; };
		3E1B8B762771E559008527D2 /* myCell.swift in Sources */ = {isa = PBXBuildFile; fileRef = 3E1B8B752771E559008527D2 /* myCell.swift */; };
		3E1B8B782771E65E008527D2 /* DataModel.swift in Sources */ = {isa = PBXBuildFile; fileRef = 3E1B8B772771E65E008527D2 /* DataModel.swift */; };
/* End PBXBuildFile section */

/* Begin PBXFileReference section */
		3E1B8B5C2771E3D6008527D2 /* UIImagetableView.app */ = {isa = PBXFileReference; explicitFileType = wrapper.application; includeInIndex = 0; path = UIImagetableView.app; sourceTree = BUILT_PRODUCTS_DIR; };
		3E1B8B5F2771E3D6008527D2 /* AppDelegate.swift */ = {isa = PBXFileReference; lastKnownFileType = sourcecode.swift; path = AppDelegate.swift; sourceTree = "<group>"; };
		3E1B8B612771E3D6008527D2 /* SceneDelegate.swift */ = {isa = PBXFileReference; lastKnownFileType = sourcecode.swift; path = SceneDelegate.swift; sourceTree = "<group>"; };
		3E1B8B632771E3D6008527D2 /* ViewController.swift */ = {isa = PBXFileReference; lastKnownFileType = sourcecode.swift; path = ViewController.swift; sourceTree = "<group>"; };
		3E1B8B662771E3D6008527D2 /* Base */ = {isa = PBXFileReference; lastKnownFileType = file.storyboard; name = Base; path = Base.lproj/Main.storyboard; sourceTree = "<group>"; };
		3E1B8B682771E3D8008527D2 /* Assets.xcassets */ = {isa = PBXFileReference; lastKnownFileType = folder.assetcatalog; path = Assets.xcassets; sourceTree = "<group>"; };
		3E1B8B6B2771E3D8008527D2 /* Base */ = {isa = PBXFileReference; lastKnownFileType = file.storyboard; name = Base; path = Base.lproj/LaunchScreen.storyboard; sourceTree = "<group>"; };
		3E1B8B6D2771E3D8008527D2 /* Info.plist */ = {isa = PBXFileReference; lastKnownFileType = text.plist.xml; path = Info.plist; sourceTree = "<group>"; };
		3E1B8B752771E559008527D2 /* myCell.swift */ = {isa = PBXFileReference; lastKnownFileType = sourcecode.swift; path = myCell.swift; sourceTree = "<group>"; };
		3E1B8B772771E65E008527D2 /* DataModel.swift */ = {isa = PBXFileReference; lastKnownFileType = sourcecode.swift; path = DataModel.swift; sourceTree = "<group>"; };
/* End PBXFileReference section */

/* Begin PBXFrameworksBuildPhase section */
		3E1B8B592771E3D6008527D2 /* Frameworks */ = {
			isa = PBXFrameworksBuildPhase;
			buildActionMask = 2147483647;
			files = (
			);
			runOnlyForDeploymentPostprocessing = 0;
		};
/* End PBXFrameworksBuildPhase section */

/* Begin PBXGroup section */
		3E1B8B532771E3D6008527D2 = {
			isa = PBXGroup;
			children = (
				3E1B8B5E2771E3D6008527D2 /* UIImagetableView */,
				3E1B8B5D2771E3D6008527D2 /* Products */,
			);
			sourceTree = "<group>";
		};
		3E1B8B5D2771E3D6008527D2 /* Products */ = {
			isa = PBXGroup;
			children = (
				3E1B8B5C2771E3D6008527D2 /* UIImagetableView.app */,
			);
			name = Products;
			sourceTree = "<group>";
		};
		3E1B8B5E2771E3D6008527D2 /* UIImagetableView */ = {
			isa = PBXGroup;
			children = (
				3E1B8B5F2771E3D6008527D2 /* AppDelegate.swift */,
				3E1B8B612771E3D6008527D2 /* SceneDelegate.swift */,
				3E1B8B632771E3D6008527D2 /* ViewController.swift */,
				3E1B8B752771E559008527D2 /* myCell.swift */,
				3E1B8B772771E65E008527D2 /* DataModel.swift */,
				3E1B8B652771E3D6008527D2 /* Main.storyboard */,
				3E1B8B682771E3D8008527D2 /* Assets.xcassets */,
				3E1B8B6A2771E3D8008527D2 /* LaunchScreen.storyboard */,
				3E1B8B6D2771E3D8008527D2 /* Info.plist */,
			);
			path = UIImagetableView;
			sourceTree = "<group>";
		};
/* End PBXGroup section */

/* Begin PBXNativeTarget section */
		3E1B8B5B2771E3D6008527D2 /* UIImagetableView */ = {
			isa = PBXNativeTarget;
			buildConfigurationList = 3E1B8B702771E3D8008527D2 /* Build configuration list for PBXNativeTarget "UIImagetableView" */;
			buildPhases = (
				3E1B8B582771E3D6008527D2 /* Sources */,
				3E1B8B592771E3D6008527D2 /* Frameworks */,
				3E1B8B5A2771E3D6008527D2 /* Resources */,
			);
			buildRules = (
			);
			dependencies = (
			);
			name = UIImagetableView;
			productName = UIImagetableView;
			productReference = 3E1B8B5C2771E3D6008527D2 /* UIImagetableView.app */;
			productType = "com.apple.product-type.application";
		};
/* End PBXNativeTarget section */

/* Begin PBXProject section */
		3E1B8B542771E3D6008527D2 /* Project object */ = {
			isa = PBXProject;
			attributes = {
				BuildIndependentTargetsInParallel = 1;
				LastSwiftUpdateCheck = 1310;
				LastUpgradeCheck = 1310;
				TargetAttributes = {
					3E1B8B5B2771E3D6008527D2 = {
						CreatedOnToolsVersion = 13.1;
					};
				};
			};
			buildConfigurationList = 3E1B8B572771E3D6008527D2 /* Build configuration list for PBXProject "UIImagetableView" */;
			compatibilityVersion = "Xcode 13.0";
			developmentRegion = en;
			hasScannedForEncodings = 0;
			knownRegions = (
				en,
				Base,
			);
			mainGroup = 3E1B8B532771E3D6008527D2;
			productRefGroup = 3E1B8B5D2771E3D6008527D2 /* Products */;
			projectDirPath = "";
			projectRoot = "";
			targets = (
				3E1B8B5B2771E3D6008527D2 /* UIImagetableView */,
			);
		};
/* End PBXProject section */

/* Begin PBXResourcesBuildPhase section */
		3E1B8B5A2771E3D6008527D2 /* Resources */ = {
			isa = PBXResourcesBuildPhase;
			buildActionMask = 2147483647;
			files = (
				3E1B8B6C2771E3D8008527D2 /* LaunchScreen.storyboard in Resources */,
				3E1B8B692771E3D8008527D2 /* Assets.xcassets in Resources */,
				3E1B8B672771E3D6008527D2 /* Main.storyboard in Resources */,
			);
			runOnlyForDeploymentPostprocessing = 0;
		};
/* End PBXResourcesBuildPhase section */

/* Begin PBXSourcesBuildPhase section */
		3E1B8B582771E3D6008527D2 /* Sources */ = {
			isa = PBXSourcesBuildPhase;
			buildActionMask = 2147483647;
			files = (
				3E1B8B782771E65E008527D2 /* DataModel.swift in Sources */,
				3E1B8B642771E3D6008527D2 /* ViewController.swift in Sources */,
				3E1B8B762771E559008527D2 /* myCell.swift in Sources */,
				3E1B8B602771E3D6008527D2 /* AppDelegate.swift in Sources */,
				3E1B8B622771E3D6008527D2 /* SceneDelegate.swift in Sources */,
			);
			runOnlyForDeploymentPostprocessing = 0;
		};
/* End PBXSourcesBuildPhase section */

/* Begin PBXVariantGroup section */
		3E1B8B652771E3D6008527D2 /* Main.storyboard */ = {
			isa = PBXVariantGroup;
			children = (
				3E1B8B662771E3D6008527D2 /* Base */,
			);
			name = Main.storyboard;
			sourceTree = "<group>";
		};
		3E1B8B6A2771E3D8008527D2 /* LaunchScreen.storyboard */ = {
			isa = PBXVariantGroup;
			children = (
				3E1B8B6B2771E3D8008527D2 /* Base */,
			);
			name = LaunchScreen.storyboard;
			sourceTree = "<group>";
		};
/* End PBXVariantGroup section */

/* Begin XCBuildConfiguration section */
		3E1B8B6E2771E3D8008527D2 /* Debug */ = {
			isa = XCBuildConfiguration;
			buildSettings = {
				ALWAYS_SEARCH_USER_PATHS = NO;
				CLANG_ANALYZER_NONNULL = YES;
				CLANG_ANALYZER_NUMBER_OBJECT_CONVERSION = YES_AGGRESSIVE;
				CLANG_CXX_LANGUAGE_STANDARD = "gnu++17";
				CLANG_CXX_LIBRARY = "libc++";
				CLANG_ENABLE_MODULES = YES;
				CLANG_ENABLE_OBJC_ARC = YES;
				CLANG_ENABLE_OBJC_WEAK = YES;
				CLANG_WARN_BLOCK_CAPTURE_AUTORELEASING = YES;
				CLANG_WARN_BOOL_CONVERSION = YES;
				CLANG_WARN_COMMA = YES;
				CLANG_WARN_CONSTANT_CONVERSION = YES;
				CLANG_WARN_DEPRECATED_OBJC_IMPLEMENTATIONS = YES;
				CLANG_WARN_DIRECT_OBJC_ISA_USAGE = YES_ERROR;
				CLANG_WARN_DOCUMENTATION_COMMENTS = YES;
				CLANG_WARN_EMPTY_BODY = YES;
				CLANG_WARN_ENUM_CONVERSION = YES;
				CLANG_WARN_INFINITE_RECURSION = YES;
				CLANG_WARN_INT_CONVERSION = YES;
				CLANG_WARN_NON_LITERAL_NULL_CONVERSION = YES;
				CLANG_WARN_OBJC_IMPLICIT_RETAIN_SELF = YES;
				CLANG_WARN_OBJC_LITERAL_CONVERSION = YES;
				CLANG_WARN_OBJC_ROOT_CLASS = YES_ERROR;
				CLANG_WARN_QUOTED_INCLUDE_IN_FRAMEWORK_HEADER = YES;
				CLANG_WARN_RANGE_LOOP_ANALYSIS = YES;
				CLANG_WARN_STRICT_PROTOTYPES = YES;
				CLANG_WARN_SUSPICIOUS_MOVE = YES;
				CLANG_WARN_UNGUARDED_AVAILABILITY = YES_AGGRESSIVE;
				CLANG_WARN_UNREACHABLE_CODE = YES;
				CLANG_WARN__DUPLICATE_METHOD_MATCH = YES;
				COPY_PHASE_STRIP = NO;
				DEBUG_INFORMATION_FORMAT = dwarf;
				ENABLE_STRICT_OBJC_MSGSEND = YES;
				ENABLE_TESTABILITY = YES;
				GCC_C_LANGUAGE_STANDARD = gnu11;
				GCC_DYNAMIC_NO_PIC = NO;
				GCC_NO_COMMON_BLOCKS = YES;
				GCC_OPTIMIZATION_LEVEL = 0;
				GCC_PREPROCESSOR_DEFINITIONS = (
					"DEBUG=1",
					"$(inherited)",
				);
				GCC_WARN_64_TO_32_BIT_CONVERSION = YES;
				GCC_WARN_ABOUT_RETURN_TYPE = YES_ERROR;
				GCC_WARN_UNDECLARED_SELECTOR = YES;
				GCC_WARN_UNINITIALIZED_AUTOS = YES_AGGRESSIVE;
				GCC_WARN_UNUSED_FUNCTION = YES;
				GCC_WARN_UNUSED_VARIABLE = YES;
				IPHONEOS_DEPLOYMENT_TARGET = 15.0;
				MTL_ENABLE_DEBUG_INFO = INCLUDE_SOURCE;
				MTL_FAST_MATH = YES;
				ONLY_ACTIVE_ARCH = YES;
				SDKROOT = iphoneos;
				SWIFT_ACTIVE_COMPILATION_CONDITIONS = DEBUG;
				SWIFT_OPTIMIZATION_LEVEL = "-Onone";
			};
			name = Debug;
		};
		3E1B8B6F2771E3D8008527D2 /* Release */ = {
			isa = XCBuildConfiguration;
			buildSettings = {
				ALWAYS_SEARCH_USER_PATHS = NO;
				CLANG_ANALYZER_NONNULL = YES;
				CLANG_ANALYZER_NUMBER_OBJECT_CONVERSION = YES_AGGRESSIVE;
				CLANG_CXX_LANGUAGE_STANDARD = "gnu++17";
				CLANG_CXX_LIBRARY = "libc++";
				CLANG_ENABLE_MODULES = YES;
				CLANG_ENABLE_OBJC_ARC = YES;
				CLANG_ENABLE_OBJC_WEAK = YES;
				CLANG_WARN_BLOCK_CAPTURE_AUTORELEASING = YES;
				CLANG_WARN_BOOL_CONVERSION = YES;
				CLANG_WARN_COMMA = YES;
				CLANG_WARN_CONSTANT_CONVERSION = YES;
				CLANG_WARN_DEPRECATED_OBJC_IMPLEMENTATIONS = YES;
				CLANG_WARN_DIRECT_OBJC_ISA_USAGE = YES_ERROR;
				CLANG_WARN_DOCUMENTATION_COMMENTS = YES;
				CLANG_WARN_EMPTY_BODY = YES;
				CLANG_WARN_ENUM_CONVERSION = YES;
				CLANG_WARN_INFINITE_RECURSION = YES;
				CLANG_WARN_INT_CONVERSION = YES;
				CLANG_WARN_NON_LITERAL_NULL_CONVERSION = YES;
				CLANG_WARN_OBJC_IMPLICIT_RETAIN_SELF = YES;
				CLANG_WARN_OBJC_LITERAL_CONVERSION = YES;
				CLANG_WARN_OBJC_ROOT_CLASS = YES_ERROR;
				CLANG_WARN_QUOTED_INCLUDE_IN_FRAMEWORK_HEADER = YES;
				CLANG_WARN_RANGE_LOOP_ANALYSIS = YES;
				CLANG_WARN_STRICT_PROTOTYPES = YES;
				CLANG_WARN_SUSPICIOUS_MOVE = YES;
				CLANG_WARN_UNGUARDED_AVAILABILITY = YES_AGGRESSIVE;
				CLANG_WARN_UNREACHABLE_CODE = YES;
				CLANG_WARN__DUPLICATE_METHOD_MATCH = YES;
				COPY_PHASE_STRIP = NO;
				DEBUG_INFORMATION_FORMAT = "dwarf-with-dsym";
				ENABLE_NS_ASSERTIONS = NO;
				ENABLE_STRICT_OBJC_MSGSEND = YES;
				GCC_C_LANGUAGE_STANDARD = gnu11;
				GCC_NO_COMMON_BLOCKS = YES;
				GCC_WARN_64_TO_32_BIT_CONVERSION = YES;
				GCC_WARN_ABOUT_RETURN_TYPE = YES_ERROR;
				GCC_WARN_UNDECLARED_SELECTOR = YES;
				GCC_WARN_UNINITIALIZED_AUTOS = YES_AGGRESSIVE;
				GCC_WARN_UNUSED_FUNCTION = YES;
				GCC_WARN_UNUSED_VARIABLE = YES;
				IPHONEOS_DEPLOYMENT_TARGET = 15.0;
				MTL_ENABLE_DEBUG_INFO = NO;
				MTL_FAST_MATH = YES;
				SDKROOT = iphoneos;
				SWIFT_COMPILATION_MODE = wholemodule;
				SWIFT_OPTIMIZATION_LEVEL = "-O";
				VALIDATE_PRODUCT = YES;
			};
			name = Release;
		};
		3E1B8B712771E3D8008527D2 /* Debug */ = {
			isa = XCBuildConfiguration;
			buildSettings = {
				ASSETCATALOG_COMPILER_APPICON_NAME = AppIcon;
				ASSETCATALOG_COMPILER_GLOBAL_ACCENT_COLOR_NAME = AccentColor;
				CODE_SIGN_STYLE = Automatic;
				CURRENT_PROJECT_VERSION = 1;
				DEVELOPMENT_TEAM = 7L8DPQ9TGN;
				GENERATE_INFOPLIST_FILE = YES;
				INFOPLIST_FILE = UIImagetableView/Info.plist;
				INFOPLIST_KEY_UIApplicationSupportsIndirectInputEvents = YES;
				INFOPLIST_KEY_UILaunchStoryboardName = LaunchScreen;
				INFOPLIST_KEY_UIMainStoryboardFile = Main;
				INFOPLIST_KEY_UISupportedInterfaceOrientations_iPad = "UIInterfaceOrientationPortrait UIInterfaceOrientationPortraitUpsideDown UIInterfaceOrientationLandscapeLeft UIInterfaceOrientationLandscapeRight";
				INFOPLIST_KEY_UISupportedInterfaceOrientations_iPhone = "UIInterfaceOrientationPortrait UIInterfaceOrientationLandscapeLeft UIInterfaceOrientationLandscapeRight";
				LD_RUNPATH_SEARCH_PATHS = (
					"$(inherited)",
					"@executable_path/Frameworks",
				);
				MARKETING_VERSION = 1.0;
				PRODUCT_BUNDLE_IDENTIFIER = wejdan.UIImagetableView;
				PRODUCT_NAME = "$(TARGET_NAME)";
				SWIFT_EMIT_LOC_STRINGS = YES;
				SWIFT_VERSION = 5.0;
				TARGETED_DEVICE_FAMILY = "1,2";
			};
			name = Debug;
		};
		3E1B8B722771E3D8008527D2 /* Release */ = {
			isa = XCBuildConfiguration;
			buildSettings = {
				ASSETCATALOG_COMPILER_APPICON_NAME = AppIcon;
				ASSETCATALOG_COMPILER_GLOBAL_ACCENT_COLOR_NAME = AccentColor;
				CODE_SIGN_STYLE = Automatic;
				CURRENT_PROJECT_VERSION = 1;
				DEVELOPMENT_TEAM = 7L8DPQ9TGN;
				GENERATE_INFOPLIST_FILE = YES;
				INFOPLIST_FILE = UIImagetableView/Info.plist;
				INFOPLIST_KEY_UIApplicationSupportsIndirectInputEvents = YES;
				INFOPLIST_KEY_UILaunchStoryboardName = LaunchScreen;
				INFOPLIST_KEY_UIMainStoryboardFile = Main;
				INFOPLIST_KEY_UISupportedInterfaceOrientations_iPad = "UIInterfaceOrientationPortrait UIInterfaceOrientationPortraitUpsideDown UIInterfaceOrientationLandscapeLeft UIInterfaceOrientationLandscapeRight";
				INFOPLIST_KEY_UISupportedInterfaceOrientations_iPhone = "UIInterfaceOrientationPortrait UIInterfaceOrientationLandscapeLeft UIInterfaceOrientationLandscapeRight";
				LD_RUNPATH_SEARCH_PATHS = (
					"$(inherited)",
					"@executable_path/Frameworks",
				);
				MARKETING_VERSION = 1.0;
				PRODUCT_BUNDLE_IDENTIFIER = wejdan.UIImagetableView;
				PRODUCT_NAME = "$(TARGET_NAME)";
				SWIFT_EMIT_LOC_STRINGS = YES;
				SWIFT_VERSION = 5.0;
				TARGETED_DEVICE_FAMILY = "1,2";
			};
			name = Release;
		};
/* End XCBuildConfiguration section */

/* Begin XCConfigurationList section */
		3E1B8B572771E3D6008527D2 /* Build configuration list for PBXProject "UIImagetableView" */ = {
			isa = XCConfigurationList;
			buildConfigurations = (
				3E1B8B6E2771E3D8008527D2 /* Debug */,
				3E1B8B6F2771E3D8008527D2 /* Release */,
			);
			defaultConfigurationIsVisible = 0;
			defaultConfigurationName = Release;
		};
		3E1B8B702771E3D8008527D2 /* Build configuration list for PBXNativeTarget "UIImagetableView" */ = {
			isa = XCConfigurationList;
			buildConfigurations = (
				3E1B8B712771E3D8008527D2 /* Debug */,
				3E1B8B722771E3D8008527D2 /* Release */,
			);
			defaultConfigurationIsVisible = 0;
			defaultConfigurationName = Release;
		};
/* End XCConfigurationList section */
	};
	rootObject = 3E1B8B542771E3D6008527D2 /* Project object */;
}
