// !$*UTF8*$!
{
	archiveVersion = 1;
	classes = {
	};
	objectVersion = 55;
	objects = {

/* Begin PBXBuildFile section */
		62C87B152771E7C2005E4890 /* DataModel.swift in Sources */ = {isa = PBXBuildFile; fileRef = 62C87B142771E7C2005E4890 /* DataModel.swift */; };
		62D4A6542771E3BB00DFF35A /* AppDelegate.swift in Sources */ = {isa = PBXBuildFile; fileRef = 62D4A6532771E3BB00DFF35A /* AppDelegate.swift */; };
		62D4A6562771E3BB00DFF35A /* SceneDelegate.swift in Sources */ = {isa = PBXBuildFile; fileRef = 62D4A6552771E3BB00DFF35A /* SceneDelegate.swift */; };
		62D4A6582771E3BB00DFF35A /* ViewController.swift in Sources */ = {isa = PBXBuildFile; fileRef = 62D4A6572771E3BB00DFF35A /* ViewController.swift */; };
		62D4A65B2771E3BB00DFF35A /* Main.storyboard in Resources */ = {isa = PBXBuildFile; fileRef = 62D4A6592771E3BB00DFF35A /* Main.storyboard */; };
		62D4A65D2771E3C100DFF35A /* Assets.xcassets in Resources */ = {isa = PBXBuildFile; fileRef = 62D4A65C2771E3C100DFF35A /* Assets.xcassets */; };
		62D4A6602771E3C100DFF35A /* LaunchScreen.storyboard in Resources */ = {isa = PBXBuildFile; fileRef = 62D4A65E2771E3C100DFF35A /* LaunchScreen.storyboard */; };
		62D4A6682771E43E00DFF35A /* ImageCell.swift in Sources */ = {isa = PBXBuildFile; fileRef = 62D4A6672771E43E00DFF35A /* ImageCell.swift */; };
/* End PBXBuildFile section */

/* Begin PBXFileReference section */
		62C87B142771E7C2005E4890 /* DataModel.swift */ = {isa = PBXFileReference; lastKnownFileType = sourcecode.swift; path = DataModel.swift; sourceTree = "<group>"; };
		62D4A6502771E3BB00DFF35A /* RequestImage.app */ = {isa = PBXFileReference; explicitFileType = wrapper.application; includeInIndex = 0; path = RequestImage.app; sourceTree = BUILT_PRODUCTS_DIR; };
		62D4A6532771E3BB00DFF35A /* AppDelegate.swift */ = {isa = PBXFileReference; lastKnownFileType = sourcecode.swift; path = AppDelegate.swift; sourceTree = "<group>"; };
		62D4A6552771E3BB00DFF35A /* SceneDelegate.swift */ = {isa = PBXFileReference; lastKnownFileType = sourcecode.swift; path = SceneDelegate.swift; sourceTree = "<group>"; };
		62D4A6572771E3BB00DFF35A /* ViewController.swift */ = {isa = PBXFileReference; lastKnownFileType = sourcecode.swift; path = ViewController.swift; sourceTree = "<group>"; };
		62D4A65A2771E3BB00DFF35A /* Base */ = {isa = PBXFileReference; lastKnownFileType = file.storyboard; name = Base; path = Base.lproj/Main.storyboard; sourceTree = "<group>"; };
		62D4A65C2771E3C100DFF35A /* Assets.xcassets */ = {isa = PBXFileReference; lastKnownFileType = folder.assetcatalog; path = Assets.xcassets; sourceTree = "<group>"; };
		62D4A65F2771E3C100DFF35A /* Base */ = {isa = PBXFileReference; lastKnownFileType = file.storyboard; name = Base; path = Base.lproj/LaunchScreen.storyboard; sourceTree = "<group>"; };
		62D4A6612771E3C100DFF35A /* Info.plist */ = {isa = PBXFileReference; lastKnownFileType = text.plist.xml; path = Info.plist; sourceTree = "<group>"; };
		62D4A6672771E43E00DFF35A /* ImageCell.swift */ = {isa = PBXFileReference; lastKnownFileType = sourcecode.swift; path = ImageCell.swift; sourceTree = "<group>"; };
/* End PBXFileReference section */

/* Begin PBXFrameworksBuildPhase section */
		62D4A64D2771E3BB00DFF35A /* Frameworks */ = {
			isa = PBXFrameworksBuildPhase;
			buildActionMask = 2147483647;
			files = (
			);
			runOnlyForDeploymentPostprocessing = 0;
		};
/* End PBXFrameworksBuildPhase section */

/* Begin PBXGroup section */
		62D4A6472771E3BA00DFF35A = {
			isa = PBXGroup;
			children = (
				62D4A6522771E3BB00DFF35A /* RequestImage */,
				62D4A6512771E3BB00DFF35A /* Products */,
			);
			sourceTree = "<group>";
		};
		62D4A6512771E3BB00DFF35A /* Products */ = {
			isa = PBXGroup;
			children = (
				62D4A6502771E3BB00DFF35A /* RequestImage.app */,
			);
			name = Products;
			sourceTree = "<group>";
		};
		62D4A6522771E3BB00DFF35A /* RequestImage */ = {
			isa = PBXGroup;
			children = (
				62D4A6532771E3BB00DFF35A /* AppDelegate.swift */,
				62D4A6552771E3BB00DFF35A /* SceneDelegate.swift */,
				62D4A6572771E3BB00DFF35A /* ViewController.swift */,
				62C87B142771E7C2005E4890 /* DataModel.swift */,
				62D4A6672771E43E00DFF35A /* ImageCell.swift */,
				62D4A6592771E3BB00DFF35A /* Main.storyboard */,
				62D4A65C2771E3C100DFF35A /* Assets.xcassets */,
				62D4A65E2771E3C100DFF35A /* LaunchScreen.storyboard */,
				62D4A6612771E3C100DFF35A /* Info.plist */,
			);
			path = RequestImage;
			sourceTree = "<group>";
		};
/* End PBXGroup section */

/* Begin PBXNativeTarget section */
		62D4A64F2771E3BB00DFF35A /* RequestImage */ = {
			isa = PBXNativeTarget;
			buildConfigurationList = 62D4A6642771E3C100DFF35A /* Build configuration list for PBXNativeTarget "RequestImage" */;
			buildPhases = (
				62D4A64C2771E3BB00DFF35A /* Sources */,
				62D4A64D2771E3BB00DFF35A /* Frameworks */,
				62D4A64E2771E3BB00DFF35A /* Resources */,
			);
			buildRules = (
			);
			dependencies = (
			);
			name = RequestImage;
			productName = RequestImage;
			productReference = 62D4A6502771E3BB00DFF35A /* RequestImage.app */;
			productType = "com.apple.product-type.application";
		};
/* End PBXNativeTarget section */

/* Begin PBXProject section */
		62D4A6482771E3BA00DFF35A /* Project object */ = {
			isa = PBXProject;
			attributes = {
				BuildIndependentTargetsInParallel = 1;
				LastSwiftUpdateCheck = 1320;
				LastUpgradeCheck = 1320;
				TargetAttributes = {
					62D4A64F2771E3BB00DFF35A = {
						CreatedOnToolsVersion = 13.2.1;
					};
				};
			};
			buildConfigurationList = 62D4A64B2771E3BA00DFF35A /* Build configuration list for PBXProject "RequestImage" */;
			compatibilityVersion = "Xcode 13.0";
			developmentRegion = en;
			hasScannedForEncodings = 0;
			knownRegions = (
				en,
				Base,
			);
			mainGroup = 62D4A6472771E3BA00DFF35A;
			productRefGroup = 62D4A6512771E3BB00DFF35A /* Products */;
			projectDirPath = "";
			projectRoot = "";
			targets = (
				62D4A64F2771E3BB00DFF35A /* RequestImage */,
			);
		};
/* End PBXProject section */

/* Begin PBXResourcesBuildPhase section */
		62D4A64E2771E3BB00DFF35A /* Resources */ = {
			isa = PBXResourcesBuildPhase;
			buildActionMask = 2147483647;
			files = (
				62D4A6602771E3C100DFF35A /* LaunchScreen.storyboard in Resources */,
				62D4A65D2771E3C100DFF35A /* Assets.xcassets in Resources */,
				62D4A65B2771E3BB00DFF35A /* Main.storyboard in Resources */,
			);
			runOnlyForDeploymentPostprocessing = 0;
		};
/* End PBXResourcesBuildPhase section */

/* Begin PBXSourcesBuildPhase section */
		62D4A64C2771E3BB00DFF35A /* Sources */ = {
			isa = PBXSourcesBuildPhase;
			buildActionMask = 2147483647;
			files = (
				62C87B152771E7C2005E4890 /* DataModel.swift in Sources */,
				62D4A6582771E3BB00DFF35A /* ViewController.swift in Sources */,
				62D4A6682771E43E00DFF35A /* ImageCell.swift in Sources */,
				62D4A6542771E3BB00DFF35A /* AppDelegate.swift in Sources */,
				62D4A6562771E3BB00DFF35A /* SceneDelegate.swift in Sources */,
			);
			runOnlyForDeploymentPostprocessing = 0;
		};
/* End PBXSourcesBuildPhase section */

/* Begin PBXVariantGroup section */
		62D4A6592771E3BB00DFF35A /* Main.storyboard */ = {
			isa = PBXVariantGroup;
			children = (
				62D4A65A2771E3BB00DFF35A /* Base */,
			);
			name = Main.storyboard;
			sourceTree = "<group>";
		};
		62D4A65E2771E3C100DFF35A /* LaunchScreen.storyboard */ = {
			isa = PBXVariantGroup;
			children = (
				62D4A65F2771E3C100DFF35A /* Base */,
			);
			name = LaunchScreen.storyboard;
			sourceTree = "<group>";
		};
/* End PBXVariantGroup section */

/* Begin XCBuildConfiguration section */
		62D4A6622771E3C100DFF35A /* Debug */ = {
			isa = XCBuildConfiguration;
			buildSettings = {
				ALWAYS_SEARCH_USER_PATHS = NO;
				CLANG_ANALYZER_NONNULL = YES;
				CLANG_ANALYZER_NUMBER_OBJECT_CONVERSION = YES_AGGRESSIVE;
				CLANG_CXX_LANGUAGE_STANDARD = "gnu++17";
				CLANG_CXX_LIBRARY = "libc++";
				CLANG_ENABLE_MODULES = YES;
				CLANG_ENABLE_OBJC_ARC = YES;
				CLANG_ENABLE_OBJC_WEAK = YES;
				CLANG_WARN_BLOCK_CAPTURE_AUTORELEASING = YES;
				CLANG_WARN_BOOL_CONVERSION = YES;
				CLANG_WARN_COMMA = YES;
				CLANG_WARN_CONSTANT_CONVERSION = YES;
				CLANG_WARN_DEPRECATED_OBJC_IMPLEMENTATIONS = YES;
				CLANG_WARN_DIRECT_OBJC_ISA_USAGE = YES_ERROR;
				CLANG_WARN_DOCUMENTATION_COMMENTS = YES;
				CLANG_WARN_EMPTY_BODY = YES;
				CLANG_WARN_ENUM_CONVERSION = YES;
				CLANG_WARN_INFINITE_RECURSION = YES;
				CLANG_WARN_INT_CONVERSION = YES;
				CLANG_WARN_NON_LITERAL_NULL_CONVERSION = YES;
				CLANG_WARN_OBJC_IMPLICIT_RETAIN_SELF = YES;
				CLANG_WARN_OBJC_LITERAL_CONVERSION = YES;
				CLANG_WARN_OBJC_ROOT_CLASS = YES_ERROR;
				CLANG_WARN_QUOTED_INCLUDE_IN_FRAMEWORK_HEADER = YES;
				CLANG_WARN_RANGE_LOOP_ANALYSIS = YES;
				CLANG_WARN_STRICT_PROTOTYPES = YES;
				CLANG_WARN_SUSPICIOUS_MOVE = YES;
				CLANG_WARN_UNGUARDED_AVAILABILITY = YES_AGGRESSIVE;
				CLANG_WARN_UNREACHABLE_CODE = YES;
				CLANG_WARN__DUPLICATE_METHOD_MATCH = YES;
				COPY_PHASE_STRIP = NO;
				DEBUG_INFORMATION_FORMAT = dwarf;
				ENABLE_STRICT_OBJC_MSGSEND = YES;
				ENABLE_TESTABILITY = YES;
				GCC_C_LANGUAGE_STANDARD = gnu11;
				GCC_DYNAMIC_NO_PIC = NO;
				GCC_NO_COMMON_BLOCKS = YES;
				GCC_OPTIMIZATION_LEVEL = 0;
				GCC_PREPROCESSOR_DEFINITIONS = (
					"DEBUG=1",
					"$(inherited)",
				);
				GCC_WARN_64_TO_32_BIT_CONVERSION = YES;
				GCC_WARN_ABOUT_RETURN_TYPE = YES_ERROR;
				GCC_WARN_UNDECLARED_SELECTOR = YES;
				GCC_WARN_UNINITIALIZED_AUTOS = YES_AGGRESSIVE;
				GCC_WARN_UNUSED_FUNCTION = YES;
				GCC_WARN_UNUSED_VARIABLE = YES;
				IPHONEOS_DEPLOYMENT_TARGET = 15.2;
				MTL_ENABLE_DEBUG_INFO = INCLUDE_SOURCE;
				MTL_FAST_MATH = YES;
				ONLY_ACTIVE_ARCH = YES;
				SDKROOT = iphoneos;
				SWIFT_ACTIVE_COMPILATION_CONDITIONS = DEBUG;
				SWIFT_OPTIMIZATION_LEVEL = "-Onone";
			};
			name = Debug;
		};
		62D4A6632771E3C100DFF35A /* Release */ = {
			isa = XCBuildConfiguration;
			buildSettings = {
				ALWAYS_SEARCH_USER_PATHS = NO;
				CLANG_ANALYZER_NONNULL = YES;
				CLANG_ANALYZER_NUMBER_OBJECT_CONVERSION = YES_AGGRESSIVE;
				CLANG_CXX_LANGUAGE_STANDARD = "gnu++17";
				CLANG_CXX_LIBRARY = "libc++";
				CLANG_ENABLE_MODULES = YES;
				CLANG_ENABLE_OBJC_ARC = YES;
				CLANG_ENABLE_OBJC_WEAK = YES;
				CLANG_WARN_BLOCK_CAPTURE_AUTORELEASING = YES;
				CLANG_WARN_BOOL_CONVERSION = YES;
				CLANG_WARN_COMMA = YES;
				CLANG_WARN_CONSTANT_CONVERSION = YES;
				CLANG_WARN_DEPRECATED_OBJC_IMPLEMENTATIONS = YES;
				CLANG_WARN_DIRECT_OBJC_ISA_USAGE = YES_ERROR;
				CLANG_WARN_DOCUMENTATION_COMMENTS = YES;
				CLANG_WARN_EMPTY_BODY = YES;
				CLANG_WARN_ENUM_CONVERSION = YES;
				CLANG_WARN_INFINITE_RECURSION = YES;
				CLANG_WARN_INT_CONVERSION = YES;
				CLANG_WARN_NON_LITERAL_NULL_CONVERSION = YES;
				CLANG_WARN_OBJC_IMPLICIT_RETAIN_SELF = YES;
				CLANG_WARN_OBJC_LITERAL_CONVERSION = YES;
				CLANG_WARN_OBJC_ROOT_CLASS = YES_ERROR;
				CLANG_WARN_QUOTED_INCLUDE_IN_FRAMEWORK_HEADER = YES;
				CLANG_WARN_RANGE_LOOP_ANALYSIS = YES;
				CLANG_WARN_STRICT_PROTOTYPES = YES;
				CLANG_WARN_SUSPICIOUS_MOVE = YES;
				CLANG_WARN_UNGUARDED_AVAILABILITY = YES_AGGRESSIVE;
				CLANG_WARN_UNREACHABLE_CODE = YES;
				CLANG_WARN__DUPLICATE_METHOD_MATCH = YES;
				COPY_PHASE_STRIP = NO;
				DEBUG_INFORMATION_FORMAT = "dwarf-with-dsym";
				ENABLE_NS_ASSERTIONS = NO;
				ENABLE_STRICT_OBJC_MSGSEND = YES;
				GCC_C_LANGUAGE_STANDARD = gnu11;
				GCC_NO_COMMON_BLOCKS = YES;
				GCC_WARN_64_TO_32_BIT_CONVERSION = YES;
				GCC_WARN_ABOUT_RETURN_TYPE = YES_ERROR;
				GCC_WARN_UNDECLARED_SELECTOR = YES;
				GCC_WARN_UNINITIALIZED_AUTOS = YES_AGGRESSIVE;
				GCC_WARN_UNUSED_FUNCTION = YES;
				GCC_WARN_UNUSED_VARIABLE = YES;
				IPHONEOS_DEPLOYMENT_TARGET = 15.2;
				MTL_ENABLE_DEBUG_INFO = NO;
				MTL_FAST_MATH = YES;
				SDKROOT = iphoneos;
				SWIFT_COMPILATION_MODE = wholemodule;
				SWIFT_OPTIMIZATION_LEVEL = "-O";
				VALIDATE_PRODUCT = YES;
			};
			name = Release;
		};
		62D4A6652771E3C100DFF35A /* Debug */ = {
			isa = XCBuildConfiguration;
			buildSettings = {
				ASSETCATALOG_COMPILER_APPICON_NAME = AppIcon;
				ASSETCATALOG_COMPILER_GLOBAL_ACCENT_COLOR_NAME = AccentColor;
				CODE_SIGN_STYLE = Automatic;
				CURRENT_PROJECT_VERSION = 1;
				DEVELOPMENT_TEAM = 9QJT6B4JKB;
				GENERATE_INFOPLIST_FILE = YES;
				INFOPLIST_FILE = RequestImage/Info.plist;
				INFOPLIST_KEY_UIApplicationSupportsIndirectInputEvents = YES;
				INFOPLIST_KEY_UILaunchStoryboardName = LaunchScreen;
				INFOPLIST_KEY_UIMainStoryboardFile = Main;
				INFOPLIST_KEY_UISupportedInterfaceOrientations_iPad = "UIInterfaceOrientationPortrait UIInterfaceOrientationPortraitUpsideDown UIInterfaceOrientationLandscapeLeft UIInterfaceOrientationLandscapeRight";
				INFOPLIST_KEY_UISupportedInterfaceOrientations_iPhone = "UIInterfaceOrientationPortrait UIInterfaceOrientationLandscapeLeft UIInterfaceOrientationLandscapeRight";
				LD_RUNPATH_SEARCH_PATHS = (
					"$(inherited)",
					"@executable_path/Frameworks",
				);
				MARKETING_VERSION = 1.0;
				PRODUCT_BUNDLE_IDENTIFIER = rashoudi.RequestImage;
				PRODUCT_NAME = "$(TARGET_NAME)";
				SWIFT_EMIT_LOC_STRINGS = YES;
				SWIFT_VERSION = 5.0;
				TARGETED_DEVICE_FAMILY = "1,2";
			};
			name = Debug;
		};
		62D4A6662771E3C100DFF35A /* Release */ = {
			isa = XCBuildConfiguration;
			buildSettings = {
				ASSETCATALOG_COMPILER_APPICON_NAME = AppIcon;
				ASSETCATALOG_COMPILER_GLOBAL_ACCENT_COLOR_NAME = AccentColor;
				CODE_SIGN_STYLE = Automatic;
				CURRENT_PROJECT_VERSION = 1;
				DEVELOPMENT_TEAM = 9QJT6B4JKB;
				GENERATE_INFOPLIST_FILE = YES;
				INFOPLIST_FILE = RequestImage/Info.plist;
				INFOPLIST_KEY_UIApplicationSupportsIndirectInputEvents = YES;
				INFOPLIST_KEY_UILaunchStoryboardName = LaunchScreen;
				INFOPLIST_KEY_UIMainStoryboardFile = Main;
				INFOPLIST_KEY_UISupportedInterfaceOrientations_iPad = "UIInterfaceOrientationPortrait UIInterfaceOrientationPortraitUpsideDown UIInterfaceOrientationLandscapeLeft UIInterfaceOrientationLandscapeRight";
				INFOPLIST_KEY_UISupportedInterfaceOrientations_iPhone = "UIInterfaceOrientationPortrait UIInterfaceOrientationLandscapeLeft UIInterfaceOrientationLandscapeRight";
				LD_RUNPATH_SEARCH_PATHS = (
					"$(inherited)",
					"@executable_path/Frameworks",
				);
				MARKETING_VERSION = 1.0;
				PRODUCT_BUNDLE_IDENTIFIER = rashoudi.RequestImage;
				PRODUCT_NAME = "$(TARGET_NAME)";
				SWIFT_EMIT_LOC_STRINGS = YES;
				SWIFT_VERSION = 5.0;
				TARGETED_DEVICE_FAMILY = "1,2";
			};
			name = Release;
		};
/* End XCBuildConfiguration section */

/* Begin XCConfigurationList section */
		62D4A64B2771E3BA00DFF35A /* Build configuration list for PBXProject "RequestImage" */ = {
			isa = XCConfigurationList;
			buildConfigurations = (
				62D4A6622771E3C100DFF35A /* Debug */,
				62D4A6632771E3C100DFF35A /* Release */,
			);
			defaultConfigurationIsVisible = 0;
			defaultConfigurationName = Release;
		};
		62D4A6642771E3C100DFF35A /* Build configuration list for PBXNativeTarget "RequestImage" */ = {
			isa = XCConfigurationList;
			buildConfigurations = (
				62D4A6652771E3C100DFF35A /* Debug */,
				62D4A6662771E3C100DFF35A /* Release */,
			);
			defaultConfigurationIsVisible = 0;
			defaultConfigurationName = Release;
		};
/* End XCConfigurationList section */
	};
	rootObject = 62D4A6482771E3BA00DFF35A /* Project object */;
}
